// !$*UTF8*$!
{
	archiveVersion = 1;
	classes = {
	};
	objectVersion = 56;
	objects = {

/* Begin PBXBuildFile section */
		CD1F4C6A2B3C8C780080ED82 /* DetailVC.swift in Sources */ = {isa = PBXBuildFile; fileRef = CD1F4C692B3C8C780080ED82 /* DetailVC.swift */; };
		CD1F4C6E2B4016930080ED82 /* StaticJSONMapper.swift in Sources */ = {isa = PBXBuildFile; fileRef = CD1F4C6D2B4016930080ED82 /* StaticJSONMapper.swift */; };
		CD1F4C752B436B890080ED82 /* SkillsVC.swift in Sources */ = {isa = PBXBuildFile; fileRef = CD1F4C742B436B890080ED82 /* SkillsVC.swift */; };
		CD1F4C782B4373120080ED82 /* CustomProgressView.swift in Sources */ = {isa = PBXBuildFile; fileRef = CD1F4C772B4373120080ED82 /* CustomProgressView.swift */; };
		CD1F4C812B4420440080ED82 /* ToolsVC.swift in Sources */ = {isa = PBXBuildFile; fileRef = CD1F4C802B4420440080ED82 /* ToolsVC.swift */; };
		CD1F4C852B4460460080ED82 /* AchievementVC.swift in Sources */ = {isa = PBXBuildFile; fileRef = CD1F4C842B4460460080ED82 /* AchievementVC.swift */; };
		CD7757082B344C2A00DBBEB6 /* Theme.swift in Sources */ = {isa = PBXBuildFile; fileRef = CD7757072B344C2A00DBBEB6 /* Theme.swift */; };
		CD77570A2B344CC100DBBEB6 /* Symbols.swift in Sources */ = {isa = PBXBuildFile; fileRef = CD7757092B344CC100DBBEB6 /* Symbols.swift */; };
		CD77570E2B34766D00DBBEB6 /* GridButton.swift in Sources */ = {isa = PBXBuildFile; fileRef = CD77570D2B34766C00DBBEB6 /* GridButton.swift */; };
		CD7757142B34850000DBBEB6 /* NavigationView+CustomAppearance.swift in Sources */ = {isa = PBXBuildFile; fileRef = CD7757132B34850000DBBEB6 /* NavigationView+CustomAppearance.swift */; };
		CD7757162B35864200DBBEB6 /* EducationVC.swift in Sources */ = {isa = PBXBuildFile; fileRef = CD7757152B35864200DBBEB6 /* EducationVC.swift */; };
		CD77577E2B36A1A200DBBEB6 /* TypographyStyle.swift in Sources */ = {isa = PBXBuildFile; fileRef = CD77577D2B36A1A100DBBEB6 /* TypographyStyle.swift */; };
		CD7757812B36A74700DBBEB6 /* Dimension.swift in Sources */ = {isa = PBXBuildFile; fileRef = CD7757802B36A74700DBBEB6 /* Dimension.swift */; };
		CD85B0B32B44B20300297925 /* FrameworkVC.swift in Sources */ = {isa = PBXBuildFile; fileRef = CD85B0B22B44B20300297925 /* FrameworkVC.swift */; };
		CDC95B392A5CAC1400519E9D /* MobileCVApp.swift in Sources */ = {isa = PBXBuildFile; fileRef = CDC95B382A5CAC1400519E9D /* MobileCVApp.swift */; };
		CDC95B3D2A5CAC1700519E9D /* Assets.xcassets in Resources */ = {isa = PBXBuildFile; fileRef = CDC95B3C2A5CAC1700519E9D /* Assets.xcassets */; };
		CDC95B402A5CAC1700519E9D /* Preview Assets.xcassets in Resources */ = {isa = PBXBuildFile; fileRef = CDC95B3F2A5CAC1700519E9D /* Preview Assets.xcassets */; };
		CDC95B4A2A5CAC1800519E9D /* MobileCVTests.swift in Sources */ = {isa = PBXBuildFile; fileRef = CDC95B492A5CAC1800519E9D /* MobileCVTests.swift */; };
		CDC95B542A5CAC1800519E9D /* MobileCVUITests.swift in Sources */ = {isa = PBXBuildFile; fileRef = CDC95B532A5CAC1800519E9D /* MobileCVUITests.swift */; };
		CDC95B562A5CAC1800519E9D /* MobileCVUITestsLaunchTests.swift in Sources */ = {isa = PBXBuildFile; fileRef = CDC95B552A5CAC1800519E9D /* MobileCVUITestsLaunchTests.swift */; };
		CDC95B642A5CAD3600519E9D /* CV.json in Resources */ = {isa = PBXBuildFile; fileRef = CDC95B632A5CAD3600519E9D /* CV.json */; };
		CDC95B6A2A5D968100519E9D /* CVModel.swift in Sources */ = {isa = PBXBuildFile; fileRef = CDC95B692A5D968100519E9D /* CVModel.swift */; };
		CDF3B6EA2A5FDF6500B37655 /* CVViewModel.swift in Sources */ = {isa = PBXBuildFile; fileRef = CDF3B6E92A5FDF6500B37655 /* CVViewModel.swift */; };
		CDF3B6EC2A5FE95000B37655 /* HomeVC.swift in Sources */ = {isa = PBXBuildFile; fileRef = CDF3B6EB2A5FE95000B37655 /* HomeVC.swift */; };
/* End PBXBuildFile section */

/* Begin PBXContainerItemProxy section */
		CDC95B462A5CAC1800519E9D /* PBXContainerItemProxy */ = {
			isa = PBXContainerItemProxy;
			containerPortal = CDC95B2D2A5CAC1400519E9D /* Project object */;
			proxyType = 1;
			remoteGlobalIDString = CDC95B342A5CAC1400519E9D;
			remoteInfo = MobileCV;
		};
		CDC95B502A5CAC1800519E9D /* PBXContainerItemProxy */ = {
			isa = PBXContainerItemProxy;
			containerPortal = CDC95B2D2A5CAC1400519E9D /* Project object */;
			proxyType = 1;
			remoteGlobalIDString = CDC95B342A5CAC1400519E9D;
			remoteInfo = MobileCV;
		};
/* End PBXContainerItemProxy section */

/* Begin PBXFileReference section */
		CD1F4C692B3C8C780080ED82 /* DetailVC.swift */ = {isa = PBXFileReference; lastKnownFileType = sourcecode.swift; path = DetailVC.swift; sourceTree = "<group>"; };
		CD1F4C6D2B4016930080ED82 /* StaticJSONMapper.swift */ = {isa = PBXFileReference; lastKnownFileType = sourcecode.swift; path = StaticJSONMapper.swift; sourceTree = "<group>"; };
		CD1F4C742B436B890080ED82 /* SkillsVC.swift */ = {isa = PBXFileReference; lastKnownFileType = sourcecode.swift; path = SkillsVC.swift; sourceTree = "<group>"; };
		CD1F4C772B4373120080ED82 /* CustomProgressView.swift */ = {isa = PBXFileReference; lastKnownFileType = sourcecode.swift; path = CustomProgressView.swift; sourceTree = "<group>"; };
		CD1F4C802B4420440080ED82 /* ToolsVC.swift */ = {isa = PBXFileReference; lastKnownFileType = sourcecode.swift; path = ToolsVC.swift; sourceTree = "<group>"; };
		CD1F4C842B4460460080ED82 /* AchievementVC.swift */ = {isa = PBXFileReference; lastKnownFileType = sourcecode.swift; path = AchievementVC.swift; sourceTree = "<group>"; };
		CD7757072B344C2A00DBBEB6 /* Theme.swift */ = {isa = PBXFileReference; lastKnownFileType = sourcecode.swift; path = Theme.swift; sourceTree = "<group>"; };
		CD7757092B344CC100DBBEB6 /* Symbols.swift */ = {isa = PBXFileReference; lastKnownFileType = sourcecode.swift; path = Symbols.swift; sourceTree = "<group>"; };
		CD77570D2B34766C00DBBEB6 /* GridButton.swift */ = {isa = PBXFileReference; lastKnownFileType = sourcecode.swift; path = GridButton.swift; sourceTree = "<group>"; };
		CD7757132B34850000DBBEB6 /* NavigationView+CustomAppearance.swift */ = {isa = PBXFileReference; lastKnownFileType = sourcecode.swift; path = "NavigationView+CustomAppearance.swift"; sourceTree = "<group>"; };
		CD7757152B35864200DBBEB6 /* EducationVC.swift */ = {isa = PBXFileReference; lastKnownFileType = sourcecode.swift; path = EducationVC.swift; sourceTree = "<group>"; };
		CD77577D2B36A1A100DBBEB6 /* TypographyStyle.swift */ = {isa = PBXFileReference; lastKnownFileType = sourcecode.swift; path = TypographyStyle.swift; sourceTree = "<group>"; };
		CD7757802B36A74700DBBEB6 /* Dimension.swift */ = {isa = PBXFileReference; lastKnownFileType = sourcecode.swift; path = Dimension.swift; sourceTree = "<group>"; };
		CD85B0B22B44B20300297925 /* FrameworkVC.swift */ = {isa = PBXFileReference; lastKnownFileType = sourcecode.swift; path = FrameworkVC.swift; sourceTree = "<group>"; };
		CDC95B352A5CAC1400519E9D /* MobileCV.app */ = {isa = PBXFileReference; explicitFileType = wrapper.application; includeInIndex = 0; path = MobileCV.app; sourceTree = BUILT_PRODUCTS_DIR; };
		CDC95B382A5CAC1400519E9D /* MobileCVApp.swift */ = {isa = PBXFileReference; lastKnownFileType = sourcecode.swift; path = MobileCVApp.swift; sourceTree = "<group>"; };
		CDC95B3C2A5CAC1700519E9D /* Assets.xcassets */ = {isa = PBXFileReference; lastKnownFileType = folder.assetcatalog; path = Assets.xcassets; sourceTree = "<group>"; };
		CDC95B3F2A5CAC1700519E9D /* Preview Assets.xcassets */ = {isa = PBXFileReference; lastKnownFileType = folder.assetcatalog; path = "Preview Assets.xcassets"; sourceTree = "<group>"; };
		CDC95B452A5CAC1800519E9D /* MobileCVTests.xctest */ = {isa = PBXFileReference; explicitFileType = wrapper.cfbundle; includeInIndex = 0; path = MobileCVTests.xctest; sourceTree = BUILT_PRODUCTS_DIR; };
		CDC95B492A5CAC1800519E9D /* MobileCVTests.swift */ = {isa = PBXFileReference; lastKnownFileType = sourcecode.swift; path = MobileCVTests.swift; sourceTree = "<group>"; };
		CDC95B4F2A5CAC1800519E9D /* MobileCVUITests.xctest */ = {isa = PBXFileReference; explicitFileType = wrapper.cfbundle; includeInIndex = 0; path = MobileCVUITests.xctest; sourceTree = BUILT_PRODUCTS_DIR; };
		CDC95B532A5CAC1800519E9D /* MobileCVUITests.swift */ = {isa = PBXFileReference; lastKnownFileType = sourcecode.swift; path = MobileCVUITests.swift; sourceTree = "<group>"; };
		CDC95B552A5CAC1800519E9D /* MobileCVUITestsLaunchTests.swift */ = {isa = PBXFileReference; lastKnownFileType = sourcecode.swift; path = MobileCVUITestsLaunchTests.swift; sourceTree = "<group>"; };
		CDC95B632A5CAD3600519E9D /* CV.json */ = {isa = PBXFileReference; lastKnownFileType = text.json; path = CV.json; sourceTree = "<group>"; };
		CDC95B692A5D968100519E9D /* CVModel.swift */ = {isa = PBXFileReference; lastKnownFileType = sourcecode.swift; path = CVModel.swift; sourceTree = "<group>"; };
		CDF3B6E92A5FDF6500B37655 /* CVViewModel.swift */ = {isa = PBXFileReference; lastKnownFileType = sourcecode.swift; path = CVViewModel.swift; sourceTree = "<group>"; };
		CDF3B6EB2A5FE95000B37655 /* HomeVC.swift */ = {isa = PBXFileReference; lastKnownFileType = sourcecode.swift; path = HomeVC.swift; sourceTree = "<group>"; };
/* End PBXFileReference section */

/* Begin PBXFrameworksBuildPhase section */
		CDC95B322A5CAC1400519E9D /* Frameworks */ = {
			isa = PBXFrameworksBuildPhase;
			buildActionMask = 2147483647;
			files = (
			);
			runOnlyForDeploymentPostprocessing = 0;
		};
		CDC95B422A5CAC1800519E9D /* Frameworks */ = {
			isa = PBXFrameworksBuildPhase;
			buildActionMask = 2147483647;
			files = (
			);
			runOnlyForDeploymentPostprocessing = 0;
		};
		CDC95B4C2A5CAC1800519E9D /* Frameworks */ = {
			isa = PBXFrameworksBuildPhase;
			buildActionMask = 2147483647;
			files = (
			);
			runOnlyForDeploymentPostprocessing = 0;
		};
/* End PBXFrameworksBuildPhase section */

/* Begin PBXGroup section */
		CD1F4C5F2B399B850080ED82 /* Features */ = {
			isa = PBXGroup;
			children = (
				CD85B0B02B44B1EA00297925 /* UsedFramework */,
				CD1F4C822B4460310080ED82 /* Achievement */,
				CD1F4C7E2B4420330080ED82 /* Tools */,
				CD1F4C722B436AD50080ED82 /* Skills */,
				CD1F4C6F2B4016F90080ED82 /* Detail */,
				CDC95B672A5D965B00519E9D /* Education */,
				CD1F4C602B399B8E0080ED82 /* Home */,
			);
			path = Features;
			sourceTree = "<group>";
		};
		CD1F4C602B399B8E0080ED82 /* Home */ = {
			isa = PBXGroup;
			children = (
				CD1F4C632B399BA40080ED82 /* Model */,
				CD1F4C622B399B9D0080ED82 /* ViewModels */,
				CD1F4C612B399B980080ED82 /* View */,
			);
			path = Home;
			sourceTree = "<group>";
		};
		CD1F4C612B399B980080ED82 /* View */ = {
			isa = PBXGroup;
			children = (
				CDF3B6EB2A5FE95000B37655 /* HomeVC.swift */,
			);
			path = View;
			sourceTree = "<group>";
		};
		CD1F4C622B399B9D0080ED82 /* ViewModels */ = {
			isa = PBXGroup;
			children = (
				CDF3B6E92A5FDF6500B37655 /* CVViewModel.swift */,
			);
			path = ViewModels;
			sourceTree = "<group>";
		};
		CD1F4C632B399BA40080ED82 /* Model */ = {
			isa = PBXGroup;
			children = (
				CDC95B692A5D968100519E9D /* CVModel.swift */,
			);
			path = Model;
			sourceTree = "<group>";
		};
		CD1F4C6B2B4016610080ED82 /* Base */ = {
			isa = PBXGroup;
			children = (
				CD1F4C762B4372F40080ED82 /* Custom View */,
				CD1F4C6C2B40167F0080ED82 /* Mapper */,
			);
			path = Base;
			sourceTree = "<group>";
		};
		CD1F4C6C2B40167F0080ED82 /* Mapper */ = {
			isa = PBXGroup;
			children = (
				CD1F4C6D2B4016930080ED82 /* StaticJSONMapper.swift */,
			);
			path = Mapper;
			sourceTree = "<group>";
		};
		CD1F4C6F2B4016F90080ED82 /* Detail */ = {
			isa = PBXGroup;
			children = (
				CD1F4C702B4017000080ED82 /* View */,
			);
			path = Detail;
			sourceTree = "<group>";
		};
		CD1F4C702B4017000080ED82 /* View */ = {
			isa = PBXGroup;
			children = (
				CD1F4C692B3C8C780080ED82 /* DetailVC.swift */,
			);
			path = View;
			sourceTree = "<group>";
		};
		CD1F4C712B436AAA0080ED82 /* View */ = {
			isa = PBXGroup;
			children = (
				CD7757152B35864200DBBEB6 /* EducationVC.swift */,
			);
			path = View;
			sourceTree = "<group>";
		};
		CD1F4C722B436AD50080ED82 /* Skills */ = {
			isa = PBXGroup;
			children = (
				CD1F4C732B436B770080ED82 /* View */,
			);
			path = Skills;
			sourceTree = "<group>";
		};
		CD1F4C732B436B770080ED82 /* View */ = {
			isa = PBXGroup;
			children = (
				CD1F4C742B436B890080ED82 /* SkillsVC.swift */,
			);
			path = View;
			sourceTree = "<group>";
		};
		CD1F4C762B4372F40080ED82 /* Custom View */ = {
			isa = PBXGroup;
			children = (
				CD1F4C772B4373120080ED82 /* CustomProgressView.swift */,
			);
			path = "Custom View";
			sourceTree = "<group>";
		};
		CD1F4C7E2B4420330080ED82 /* Tools */ = {
			isa = PBXGroup;
			children = (
				CD1F4C7F2B4420380080ED82 /* View */,
			);
			path = Tools;
			sourceTree = "<group>";
		};
		CD1F4C7F2B4420380080ED82 /* View */ = {
			isa = PBXGroup;
			children = (
				CD1F4C802B4420440080ED82 /* ToolsVC.swift */,
			);
			path = View;
			sourceTree = "<group>";
		};
		CD1F4C822B4460310080ED82 /* Achievement */ = {
			isa = PBXGroup;
			children = (
				CD1F4C832B4460380080ED82 /* View */,
			);
			path = Achievement;
			sourceTree = "<group>";
		};
		CD1F4C832B4460380080ED82 /* View */ = {
			isa = PBXGroup;
			children = (
				CD1F4C842B4460460080ED82 /* AchievementVC.swift */,
			);
			path = View;
			sourceTree = "<group>";
		};
		CD7757062B344C0700DBBEB6 /* Resources */ = {
			isa = PBXGroup;
			children = (
				CD77577F2B36A73600DBBEB6 /* Layout */,
				CD77577C2B36A18300DBBEB6 /* Typography */,
				CD7757072B344C2A00DBBEB6 /* Theme.swift */,
				CD7757092B344CC100DBBEB6 /* Symbols.swift */,
				CD77570D2B34766C00DBBEB6 /* GridButton.swift */,
			);
			path = Resources;
			sourceTree = "<group>";
		};
		CD77577C2B36A18300DBBEB6 /* Typography */ = {
			isa = PBXGroup;
			children = (
				CD77577D2B36A1A100DBBEB6 /* TypographyStyle.swift */,
			);
			path = Typography;
			sourceTree = "<group>";
		};
		CD77577F2B36A73600DBBEB6 /* Layout */ = {
			isa = PBXGroup;
			children = (
				CD7757802B36A74700DBBEB6 /* Dimension.swift */,
			);
			path = Layout;
			sourceTree = "<group>";
		};
		CD85B0B02B44B1EA00297925 /* UsedFramework */ = {
			isa = PBXGroup;
			children = (
				CD85B0B12B44B1F300297925 /* View */,
			);
			path = UsedFramework;
			sourceTree = "<group>";
		};
		CD85B0B12B44B1F300297925 /* View */ = {
			isa = PBXGroup;
			children = (
				CD85B0B22B44B20300297925 /* FrameworkVC.swift */,
			);
			path = View;
			sourceTree = "<group>";
		};
		CDC95B2C2A5CAC1400519E9D = {
			isa = PBXGroup;
			children = (
				CDC95B372A5CAC1400519E9D /* MobileCV */,
				CDC95B482A5CAC1800519E9D /* MobileCVTests */,
				CDC95B522A5CAC1800519E9D /* MobileCVUITests */,
				CDC95B362A5CAC1400519E9D /* Products */,
			);
			sourceTree = "<group>";
		};
		CDC95B362A5CAC1400519E9D /* Products */ = {
			isa = PBXGroup;
			children = (
				CDC95B352A5CAC1400519E9D /* MobileCV.app */,
				CDC95B452A5CAC1800519E9D /* MobileCVTests.xctest */,
				CDC95B4F2A5CAC1800519E9D /* MobileCVUITests.xctest */,
			);
			name = Products;
			sourceTree = "<group>";
		};
		CDC95B372A5CAC1400519E9D /* MobileCV */ = {
			isa = PBXGroup;
			children = (
				CD1F4C6B2B4016610080ED82 /* Base */,
				CD1F4C5F2B399B850080ED82 /* Features */,
				CD7757062B344C0700DBBEB6 /* Resources */,
				CDC95B682A5D966000519E9D /* Utils */,
				CDC95B622A5CACBE00519E9D /* Database */,
				CDC95B382A5CAC1400519E9D /* MobileCVApp.swift */,
				CDC95B3C2A5CAC1700519E9D /* Assets.xcassets */,
				CDC95B3E2A5CAC1700519E9D /* Preview Content */,
			);
			path = MobileCV;
			sourceTree = "<group>";
		};
		CDC95B3E2A5CAC1700519E9D /* Preview Content */ = {
			isa = PBXGroup;
			children = (
				CDC95B3F2A5CAC1700519E9D /* Preview Assets.xcassets */,
			);
			path = "Preview Content";
			sourceTree = "<group>";
		};
		CDC95B482A5CAC1800519E9D /* MobileCVTests */ = {
			isa = PBXGroup;
			children = (
				CDC95B492A5CAC1800519E9D /* MobileCVTests.swift */,
			);
			path = MobileCVTests;
			sourceTree = "<group>";
		};
		CDC95B522A5CAC1800519E9D /* MobileCVUITests */ = {
			isa = PBXGroup;
			children = (
				CDC95B532A5CAC1800519E9D /* MobileCVUITests.swift */,
				CDC95B552A5CAC1800519E9D /* MobileCVUITestsLaunchTests.swift */,
			);
			path = MobileCVUITests;
			sourceTree = "<group>";
		};
		CDC95B622A5CACBE00519E9D /* Database */ = {
			isa = PBXGroup;
			children = (
				CDC95B632A5CAD3600519E9D /* CV.json */,
			);
			path = Database;
			sourceTree = "<group>";
		};
		CDC95B672A5D965B00519E9D /* Education */ = {
			isa = PBXGroup;
			children = (
				CD1F4C712B436AAA0080ED82 /* View */,
			);
			path = Education;
			sourceTree = "<group>";
		};
		CDC95B682A5D966000519E9D /* Utils */ = {
			isa = PBXGroup;
			children = (
				CD7757132B34850000DBBEB6 /* NavigationView+CustomAppearance.swift */,
			);
			path = Utils;
			sourceTree = "<group>";
		};
/* End PBXGroup section */

/* Begin PBXNativeTarget section */
		CDC95B342A5CAC1400519E9D /* MobileCV */ = {
			isa = PBXNativeTarget;
			buildConfigurationList = CDC95B592A5CAC1800519E9D /* Build configuration list for PBXNativeTarget "MobileCV" */;
			buildPhases = (
				CDC95B312A5CAC1400519E9D /* Sources */,
				CDC95B322A5CAC1400519E9D /* Frameworks */,
				CDC95B332A5CAC1400519E9D /* Resources */,
			);
			buildRules = (
			);
			dependencies = (
			);
			name = MobileCV;
			productName = MobileCV;
			productReference = CDC95B352A5CAC1400519E9D /* MobileCV.app */;
			productType = "com.apple.product-type.application";
		};
		CDC95B442A5CAC1800519E9D /* MobileCVTests */ = {
			isa = PBXNativeTarget;
			buildConfigurationList = CDC95B5C2A5CAC1800519E9D /* Build configuration list for PBXNativeTarget "MobileCVTests" */;
			buildPhases = (
				CDC95B412A5CAC1800519E9D /* Sources */,
				CDC95B422A5CAC1800519E9D /* Frameworks */,
				CDC95B432A5CAC1800519E9D /* Resources */,
			);
			buildRules = (
			);
			dependencies = (
				CDC95B472A5CAC1800519E9D /* PBXTargetDependency */,
			);
			name = MobileCVTests;
			productName = MobileCVTests;
			productReference = CDC95B452A5CAC1800519E9D /* MobileCVTests.xctest */;
			productType = "com.apple.product-type.bundle.unit-test";
		};
		CDC95B4E2A5CAC1800519E9D /* MobileCVUITests */ = {
			isa = PBXNativeTarget;
			buildConfigurationList = CDC95B5F2A5CAC1800519E9D /* Build configuration list for PBXNativeTarget "MobileCVUITests" */;
			buildPhases = (
				CDC95B4B2A5CAC1800519E9D /* Sources */,
				CDC95B4C2A5CAC1800519E9D /* Frameworks */,
				CDC95B4D2A5CAC1800519E9D /* Resources */,
			);
			buildRules = (
			);
			dependencies = (
				CDC95B512A5CAC1800519E9D /* PBXTargetDependency */,
			);
			name = MobileCVUITests;
			productName = MobileCVUITests;
			productReference = CDC95B4F2A5CAC1800519E9D /* MobileCVUITests.xctest */;
			productType = "com.apple.product-type.bundle.ui-testing";
		};
/* End PBXNativeTarget section */

/* Begin PBXProject section */
		CDC95B2D2A5CAC1400519E9D /* Project object */ = {
			isa = PBXProject;
			attributes = {
				BuildIndependentTargetsInParallel = 1;
				LastSwiftUpdateCheck = 1430;
				LastUpgradeCheck = 1510;
				TargetAttributes = {
					CDC95B342A5CAC1400519E9D = {
						CreatedOnToolsVersion = 14.3.1;
					};
					CDC95B442A5CAC1800519E9D = {
						CreatedOnToolsVersion = 14.3.1;
						TestTargetID = CDC95B342A5CAC1400519E9D;
					};
					CDC95B4E2A5CAC1800519E9D = {
						CreatedOnToolsVersion = 14.3.1;
						TestTargetID = CDC95B342A5CAC1400519E9D;
					};
				};
			};
			buildConfigurationList = CDC95B302A5CAC1400519E9D /* Build configuration list for PBXProject "MobileCV" */;
			compatibilityVersion = "Xcode 14.0";
			developmentRegion = en;
			hasScannedForEncodings = 0;
			knownRegions = (
				en,
				Base,
			);
			mainGroup = CDC95B2C2A5CAC1400519E9D;
			productRefGroup = CDC95B362A5CAC1400519E9D /* Products */;
			projectDirPath = "";
			projectRoot = "";
			targets = (
				CDC95B342A5CAC1400519E9D /* MobileCV */,
				CDC95B442A5CAC1800519E9D /* MobileCVTests */,
				CDC95B4E2A5CAC1800519E9D /* MobileCVUITests */,
			);
		};
/* End PBXProject section */

/* Begin PBXResourcesBuildPhase section */
		CDC95B332A5CAC1400519E9D /* Resources */ = {
			isa = PBXResourcesBuildPhase;
			buildActionMask = 2147483647;
			files = (
				CDC95B642A5CAD3600519E9D /* CV.json in Resources */,
				CDC95B402A5CAC1700519E9D /* Preview Assets.xcassets in Resources */,
				CDC95B3D2A5CAC1700519E9D /* Assets.xcassets in Resources */,
			);
			runOnlyForDeploymentPostprocessing = 0;
		};
		CDC95B432A5CAC1800519E9D /* Resources */ = {
			isa = PBXResourcesBuildPhase;
			buildActionMask = 2147483647;
			files = (
			);
			runOnlyForDeploymentPostprocessing = 0;
		};
		CDC95B4D2A5CAC1800519E9D /* Resources */ = {
			isa = PBXResourcesBuildPhase;
			buildActionMask = 2147483647;
			files = (
			);
			runOnlyForDeploymentPostprocessing = 0;
		};
/* End PBXResourcesBuildPhase section */

/* Begin PBXSourcesBuildPhase section */
		CDC95B312A5CAC1400519E9D /* Sources */ = {
			isa = PBXSourcesBuildPhase;
			buildActionMask = 2147483647;
			files = (
				CD1F4C752B436B890080ED82 /* SkillsVC.swift in Sources */,
				CD1F4C852B4460460080ED82 /* AchievementVC.swift in Sources */,
				CD77570E2B34766D00DBBEB6 /* GridButton.swift in Sources */,
				CD1F4C812B4420440080ED82 /* ToolsVC.swift in Sources */,
				CDC95B6A2A5D968100519E9D /* CVModel.swift in Sources */,
				CD1F4C6A2B3C8C780080ED82 /* DetailVC.swift in Sources */,
				CD7757142B34850000DBBEB6 /* NavigationView+CustomAppearance.swift in Sources */,
				CDF3B6EC2A5FE95000B37655 /* HomeVC.swift in Sources */,
				CDC95B392A5CAC1400519E9D /* MobileCVApp.swift in Sources */,
				CD7757082B344C2A00DBBEB6 /* Theme.swift in Sources */,
				CD77577E2B36A1A200DBBEB6 /* TypographyStyle.swift in Sources */,
				CD1F4C782B4373120080ED82 /* CustomProgressView.swift in Sources */,
				CDF3B6EA2A5FDF6500B37655 /* CVViewModel.swift in Sources */,
				CD7757812B36A74700DBBEB6 /* Dimension.swift in Sources */,
				CD7757162B35864200DBBEB6 /* EducationVC.swift in Sources */,
				CD85B0B32B44B20300297925 /* FrameworkVC.swift in Sources */,
				CD1F4C6E2B4016930080ED82 /* StaticJSONMapper.swift in Sources */,
				CD77570A2B344CC100DBBEB6 /* Symbols.swift in Sources */,
			);
			runOnlyForDeploymentPostprocessing = 0;
		};
		CDC95B412A5CAC1800519E9D /* Sources */ = {
			isa = PBXSourcesBuildPhase;
			buildActionMask = 2147483647;
			files = (
				CDC95B4A2A5CAC1800519E9D /* MobileCVTests.swift in Sources */,
			);
			runOnlyForDeploymentPostprocessing = 0;
		};
		CDC95B4B2A5CAC1800519E9D /* Sources */ = {
			isa = PBXSourcesBuildPhase;
			buildActionMask = 2147483647;
			files = (
				CDC95B562A5CAC1800519E9D /* MobileCVUITestsLaunchTests.swift in Sources */,
				CDC95B542A5CAC1800519E9D /* MobileCVUITests.swift in Sources */,
			);
			runOnlyForDeploymentPostprocessing = 0;
		};
/* End PBXSourcesBuildPhase section */

/* Begin PBXTargetDependency section */
		CDC95B472A5CAC1800519E9D /* PBXTargetDependency */ = {
			isa = PBXTargetDependency;
			target = CDC95B342A5CAC1400519E9D /* MobileCV */;
			targetProxy = CDC95B462A5CAC1800519E9D /* PBXContainerItemProxy */;
		};
		CDC95B512A5CAC1800519E9D /* PBXTargetDependency */ = {
			isa = PBXTargetDependency;
			target = CDC95B342A5CAC1400519E9D /* MobileCV */;
			targetProxy = CDC95B502A5CAC1800519E9D /* PBXContainerItemProxy */;
		};
/* End PBXTargetDependency section */

/* Begin XCBuildConfiguration section */
		CDC95B572A5CAC1800519E9D /* Debug */ = {
			isa = XCBuildConfiguration;
			buildSettings = {
				ALWAYS_SEARCH_USER_PATHS = NO;
				ASSETCATALOG_COMPILER_GENERATE_SWIFT_ASSET_SYMBOL_EXTENSIONS = YES;
				CLANG_ANALYZER_NONNULL = YES;
				CLANG_ANALYZER_NUMBER_OBJECT_CONVERSION = YES_AGGRESSIVE;
				CLANG_CXX_LANGUAGE_STANDARD = "gnu++20";
				CLANG_ENABLE_MODULES = YES;
				CLANG_ENABLE_OBJC_ARC = YES;
				CLANG_ENABLE_OBJC_WEAK = YES;
				CLANG_WARN_BLOCK_CAPTURE_AUTORELEASING = YES;
				CLANG_WARN_BOOL_CONVERSION = YES;
				CLANG_WARN_COMMA = YES;
				CLANG_WARN_CONSTANT_CONVERSION = YES;
				CLANG_WARN_DEPRECATED_OBJC_IMPLEMENTATIONS = YES;
				CLANG_WARN_DIRECT_OBJC_ISA_USAGE = YES_ERROR;
				CLANG_WARN_DOCUMENTATION_COMMENTS = YES;
				CLANG_WARN_EMPTY_BODY = YES;
				CLANG_WARN_ENUM_CONVERSION = YES;
				CLANG_WARN_INFINITE_RECURSION = YES;
				CLANG_WARN_INT_CONVERSION = YES;
				CLANG_WARN_NON_LITERAL_NULL_CONVERSION = YES;
				CLANG_WARN_OBJC_IMPLICIT_RETAIN_SELF = YES;
				CLANG_WARN_OBJC_LITERAL_CONVERSION = YES;
				CLANG_WARN_OBJC_ROOT_CLASS = YES_ERROR;
				CLANG_WARN_QUOTED_INCLUDE_IN_FRAMEWORK_HEADER = YES;
				CLANG_WARN_RANGE_LOOP_ANALYSIS = YES;
				CLANG_WARN_STRICT_PROTOTYPES = YES;
				CLANG_WARN_SUSPICIOUS_MOVE = YES;
				CLANG_WARN_UNGUARDED_AVAILABILITY = YES_AGGRESSIVE;
				CLANG_WARN_UNREACHABLE_CODE = YES;
				CLANG_WARN__DUPLICATE_METHOD_MATCH = YES;
				COPY_PHASE_STRIP = NO;
				DEBUG_INFORMATION_FORMAT = dwarf;
				ENABLE_STRICT_OBJC_MSGSEND = YES;
				ENABLE_TESTABILITY = YES;
				ENABLE_USER_SCRIPT_SANDBOXING = YES;
				GCC_C_LANGUAGE_STANDARD = gnu11;
				GCC_DYNAMIC_NO_PIC = NO;
				GCC_NO_COMMON_BLOCKS = YES;
				GCC_OPTIMIZATION_LEVEL = 0;
				GCC_PREPROCESSOR_DEFINITIONS = (
					"DEBUG=1",
					"$(inherited)",
				);
				GCC_WARN_64_TO_32_BIT_CONVERSION = YES;
				GCC_WARN_ABOUT_RETURN_TYPE = YES_ERROR;
				GCC_WARN_UNDECLARED_SELECTOR = YES;
				GCC_WARN_UNINITIALIZED_AUTOS = YES_AGGRESSIVE;
				GCC_WARN_UNUSED_FUNCTION = YES;
				GCC_WARN_UNUSED_VARIABLE = YES;
				IPHONEOS_DEPLOYMENT_TARGET = 16.4;
				MTL_ENABLE_DEBUG_INFO = INCLUDE_SOURCE;
				MTL_FAST_MATH = YES;
				ONLY_ACTIVE_ARCH = YES;
				SDKROOT = iphoneos;
				SWIFT_ACTIVE_COMPILATION_CONDITIONS = DEBUG;
				SWIFT_OPTIMIZATION_LEVEL = "-Onone";
			};
			name = Debug;
		};
		CDC95B582A5CAC1800519E9D /* Release */ = {
			isa = XCBuildConfiguration;
			buildSettings = {
				ALWAYS_SEARCH_USER_PATHS = NO;
				ASSETCATALOG_COMPILER_GENERATE_SWIFT_ASSET_SYMBOL_EXTENSIONS = YES;
				CLANG_ANALYZER_NONNULL = YES;
				CLANG_ANALYZER_NUMBER_OBJECT_CONVERSION = YES_AGGRESSIVE;
				CLANG_CXX_LANGUAGE_STANDARD = "gnu++20";
				CLANG_ENABLE_MODULES = YES;
				CLANG_ENABLE_OBJC_ARC = YES;
				CLANG_ENABLE_OBJC_WEAK = YES;
				CLANG_WARN_BLOCK_CAPTURE_AUTORELEASING = YES;
				CLANG_WARN_BOOL_CONVERSION = YES;
				CLANG_WARN_COMMA = YES;
				CLANG_WARN_CONSTANT_CONVERSION = YES;
				CLANG_WARN_DEPRECATED_OBJC_IMPLEMENTATIONS = YES;
				CLANG_WARN_DIRECT_OBJC_ISA_USAGE = YES_ERROR;
				CLANG_WARN_DOCUMENTATION_COMMENTS = YES;
				CLANG_WARN_EMPTY_BODY = YES;
				CLANG_WARN_ENUM_CONVERSION = YES;
				CLANG_WARN_INFINITE_RECURSION = YES;
				CLANG_WARN_INT_CONVERSION = YES;
				CLANG_WARN_NON_LITERAL_NULL_CONVERSION = YES;
				CLANG_WARN_OBJC_IMPLICIT_RETAIN_SELF = YES;
				CLANG_WARN_OBJC_LITERAL_CONVERSION = YES;
				CLANG_WARN_OBJC_ROOT_CLASS = YES_ERROR;
				CLANG_WARN_QUOTED_INCLUDE_IN_FRAMEWORK_HEADER = YES;
				CLANG_WARN_RANGE_LOOP_ANALYSIS = YES;
				CLANG_WARN_STRICT_PROTOTYPES = YES;
				CLANG_WARN_SUSPICIOUS_MOVE = YES;
				CLANG_WARN_UNGUARDED_AVAILABILITY = YES_AGGRESSIVE;
				CLANG_WARN_UNREACHABLE_CODE = YES;
				CLANG_WARN__DUPLICATE_METHOD_MATCH = YES;
				COPY_PHASE_STRIP = NO;
				DEBUG_INFORMATION_FORMAT = "dwarf-with-dsym";
				ENABLE_NS_ASSERTIONS = NO;
				ENABLE_STRICT_OBJC_MSGSEND = YES;
				ENABLE_USER_SCRIPT_SANDBOXING = YES;
				GCC_C_LANGUAGE_STANDARD = gnu11;
				GCC_NO_COMMON_BLOCKS = YES;
				GCC_WARN_64_TO_32_BIT_CONVERSION = YES;
				GCC_WARN_ABOUT_RETURN_TYPE = YES_ERROR;
				GCC_WARN_UNDECLARED_SELECTOR = YES;
				GCC_WARN_UNINITIALIZED_AUTOS = YES_AGGRESSIVE;
				GCC_WARN_UNUSED_FUNCTION = YES;
				GCC_WARN_UNUSED_VARIABLE = YES;
				IPHONEOS_DEPLOYMENT_TARGET = 16.4;
				MTL_ENABLE_DEBUG_INFO = NO;
				MTL_FAST_MATH = YES;
				SDKROOT = iphoneos;
				SWIFT_COMPILATION_MODE = wholemodule;
				SWIFT_OPTIMIZATION_LEVEL = "-O";
				VALIDATE_PRODUCT = YES;
			};
			name = Release;
		};
		CDC95B5A2A5CAC1800519E9D /* Debug */ = {
			isa = XCBuildConfiguration;
			buildSettings = {
				ASSETCATALOG_COMPILER_APPICON_NAME = AppIcon;
				ASSETCATALOG_COMPILER_GLOBAL_ACCENT_COLOR_NAME = AccentColor;
				CODE_SIGN_STYLE = Automatic;
				CURRENT_PROJECT_VERSION = 1;
				DEVELOPMENT_ASSET_PATHS = "\"MobileCV/Preview Content\"";
				DEVELOPMENT_TEAM = JKR3XZ5TBQ;
				ENABLE_PREVIEWS = YES;
				GENERATE_INFOPLIST_FILE = YES;
				INFOPLIST_KEY_UIApplicationSceneManifest_Generation = YES;
				INFOPLIST_KEY_UIApplicationSupportsIndirectInputEvents = YES;
				INFOPLIST_KEY_UILaunchScreen_Generation = YES;
				INFOPLIST_KEY_UISupportedInterfaceOrientations_iPad = "UIInterfaceOrientationPortrait UIInterfaceOrientationPortraitUpsideDown UIInterfaceOrientationLandscapeLeft UIInterfaceOrientationLandscapeRight";
				INFOPLIST_KEY_UISupportedInterfaceOrientations_iPhone = "UIInterfaceOrientationPortrait UIInterfaceOrientationLandscapeLeft UIInterfaceOrientationLandscapeRight";
				LD_RUNPATH_SEARCH_PATHS = (
					"$(inherited)",
					"@executable_path/Frameworks",
				);
				MARKETING_VERSION = 1.0;
				PRODUCT_BUNDLE_IDENTIFIER = com.manishparihar.MobileCV;
				PRODUCT_NAME = "$(TARGET_NAME)";
				SWIFT_EMIT_LOC_STRINGS = YES;
				SWIFT_VERSION = 5.0;
				TARGETED_DEVICE_FAMILY = "1,2";
			};
			name = Debug;
		};
		CDC95B5B2A5CAC1800519E9D /* Release */ = {
			isa = XCBuildConfiguration;
			buildSettings = {
				ASSETCATALOG_COMPILER_APPICON_NAME = AppIcon;
				ASSETCATALOG_COMPILER_GLOBAL_ACCENT_COLOR_NAME = AccentColor;
				CODE_SIGN_STYLE = Automatic;
				CURRENT_PROJECT_VERSION = 1;
				DEVELOPMENT_ASSET_PATHS = "\"MobileCV/Preview Content\"";
				DEVELOPMENT_TEAM = JKR3XZ5TBQ;
				ENABLE_PREVIEWS = YES;
				GENERATE_INFOPLIST_FILE = YES;
				INFOPLIST_KEY_UIApplicationSceneManifest_Generation = YES;
				INFOPLIST_KEY_UIApplicationSupportsIndirectInputEvents = YES;
				INFOPLIST_KEY_UILaunchScreen_Generation = YES;
				INFOPLIST_KEY_UISupportedInterfaceOrientations_iPad = "UIInterfaceOrientationPortrait UIInterfaceOrientationPortraitUpsideDown UIInterfaceOrientationLandscapeLeft UIInterfaceOrientationLandscapeRight";
				INFOPLIST_KEY_UISupportedInterfaceOrientations_iPhone = "UIInterfaceOrientationPortrait UIInterfaceOrientationLandscapeLeft UIInterfaceOrientationLandscapeRight";
				LD_RUNPATH_SEARCH_PATHS = (
					"$(inherited)",
					"@executable_path/Frameworks",
				);
				MARKETING_VERSION = 1.0;
				PRODUCT_BUNDLE_IDENTIFIER = com.manishparihar.MobileCV;
				PRODUCT_NAME = "$(TARGET_NAME)";
				SWIFT_EMIT_LOC_STRINGS = YES;
				SWIFT_VERSION = 5.0;
				TARGETED_DEVICE_FAMILY = "1,2";
			};
			name = Release;
		};
		CDC95B5D2A5CAC1800519E9D /* Debug */ = {
			isa = XCBuildConfiguration;
			buildSettings = {
				ALWAYS_EMBED_SWIFT_STANDARD_LIBRARIES = YES;
				BUNDLE_LOADER = "$(TEST_HOST)";
				CODE_SIGN_STYLE = Automatic;
				CURRENT_PROJECT_VERSION = 1;
				DEVELOPMENT_TEAM = JKR3XZ5TBQ;
				GENERATE_INFOPLIST_FILE = YES;
				IPHONEOS_DEPLOYMENT_TARGET = 16.4;
				MARKETING_VERSION = 1.0;
				PRODUCT_BUNDLE_IDENTIFIER = com.manishparihar.MobileCVTests;
				PRODUCT_NAME = "$(TARGET_NAME)";
				SWIFT_EMIT_LOC_STRINGS = NO;
				SWIFT_VERSION = 5.0;
				TARGETED_DEVICE_FAMILY = "1,2";
				TEST_HOST = "$(BUILT_PRODUCTS_DIR)/MobileCV.app/$(BUNDLE_EXECUTABLE_FOLDER_PATH)/MobileCV";
			};
			name = Debug;
		};
		CDC95B5E2A5CAC1800519E9D /* Release */ = {
			isa = XCBuildConfiguration;
			buildSettings = {
				ALWAYS_EMBED_SWIFT_STANDARD_LIBRARIES = YES;
				BUNDLE_LOADER = "$(TEST_HOST)";
				CODE_SIGN_STYLE = Automatic;
				CURRENT_PROJECT_VERSION = 1;
				DEVELOPMENT_TEAM = JKR3XZ5TBQ;
				GENERATE_INFOPLIST_FILE = YES;
				IPHONEOS_DEPLOYMENT_TARGET = 16.4;
				MARKETING_VERSION = 1.0;
				PRODUCT_BUNDLE_IDENTIFIER = com.manishparihar.MobileCVTests;
				PRODUCT_NAME = "$(TARGET_NAME)";
				SWIFT_EMIT_LOC_STRINGS = NO;
				SWIFT_VERSION = 5.0;
				TARGETED_DEVICE_FAMILY = "1,2";
				TEST_HOST = "$(BUILT_PRODUCTS_DIR)/MobileCV.app/$(BUNDLE_EXECUTABLE_FOLDER_PATH)/MobileCV";
			};
			name = Release;
		};
		CDC95B602A5CAC1800519E9D /* Debug */ = {
			isa = XCBuildConfiguration;
			buildSettings = {
				ALWAYS_EMBED_SWIFT_STANDARD_LIBRARIES = YES;
				CODE_SIGN_STYLE = Automatic;
				CURRENT_PROJECT_VERSION = 1;
				DEVELOPMENT_TEAM = JKR3XZ5TBQ;
				GENERATE_INFOPLIST_FILE = YES;
				MARKETING_VERSION = 1.0;
				PRODUCT_BUNDLE_IDENTIFIER = com.manishparihar.MobileCVUITests;
				PRODUCT_NAME = "$(TARGET_NAME)";
				SWIFT_EMIT_LOC_STRINGS = NO;
				SWIFT_VERSION = 5.0;
				TARGETED_DEVICE_FAMILY = "1,2";
				TEST_TARGET_NAME = MobileCV;
			};
			name = Debug;
		};
		CDC95B612A5CAC1800519E9D /* Release */ = {
			isa = XCBuildConfiguration;
			buildSettings = {
				ALWAYS_EMBED_SWIFT_STANDARD_LIBRARIES = YES;
				CODE_SIGN_STYLE = Automatic;
				CURRENT_PROJECT_VERSION = 1;
				DEVELOPMENT_TEAM = JKR3XZ5TBQ;
				GENERATE_INFOPLIST_FILE = YES;
				MARKETING_VERSION = 1.0;
				PRODUCT_BUNDLE_IDENTIFIER = com.manishparihar.MobileCVUITests;
				PRODUCT_NAME = "$(TARGET_NAME)";
				SWIFT_EMIT_LOC_STRINGS = NO;
				SWIFT_VERSION = 5.0;
				TARGETED_DEVICE_FAMILY = "1,2";
				TEST_TARGET_NAME = MobileCV;
			};
			name = Release;
		};
/* End XCBuildConfiguration section */

/* Begin XCConfigurationList section */
		CDC95B302A5CAC1400519E9D /* Build configuration list for PBXProject "MobileCV" */ = {
			isa = XCConfigurationList;
			buildConfigurations = (
				CDC95B572A5CAC1800519E9D /* Debug */,
				CDC95B582A5CAC1800519E9D /* Release */,
			);
			defaultConfigurationIsVisible = 0;
			defaultConfigurationName = Release;
		};
		CDC95B592A5CAC1800519E9D /* Build configuration list for PBXNativeTarget "MobileCV" */ = {
			isa = XCConfigurationList;
			buildConfigurations = (
				CDC95B5A2A5CAC1800519E9D /* Debug */,
				CDC95B5B2A5CAC1800519E9D /* Release */,
			);
			defaultConfigurationIsVisible = 0;
			defaultConfigurationName = Release;
		};
		CDC95B5C2A5CAC1800519E9D /* Build configuration list for PBXNativeTarget "MobileCVTests" */ = {
			isa = XCConfigurationList;
			buildConfigurations = (
				CDC95B5D2A5CAC1800519E9D /* Debug */,
				CDC95B5E2A5CAC1800519E9D /* Release */,
			);
			defaultConfigurationIsVisible = 0;
			defaultConfigurationName = Release;
		};
		CDC95B5F2A5CAC1800519E9D /* Build configuration list for PBXNativeTarget "MobileCVUITests" */ = {
			isa = XCConfigurationList;
			buildConfigurations = (
				CDC95B602A5CAC1800519E9D /* Debug */,
				CDC95B612A5CAC1800519E9D /* Release */,
			);
			defaultConfigurationIsVisible = 0;
			defaultConfigurationName = Release;
		};
/* End XCConfigurationList section */
	};
	rootObject = CDC95B2D2A5CAC1400519E9D /* Project object */;
}
